
Microsoft Visual Studio Solution File, Format Version 12.00
# Visual Studio Version 16
VisualStudioVersion = 16.0.30907.101
MinimumVisualStudioVersion = 10.0.40219.1
Project("{FAE04EC0-301F-11D3-BF4B-00C04F79EFBC}") = "MeinErstesProgramm", "MeinErstesProgramm\MeinErstesProgramm.csproj", "{B68C48F5-BFF0-408C-A99C-FE4C42140574}"
EndProject
Project("{2150E333-8FDC-42A3-9474-1A3956D46DE8}") = "Theorie", "Theorie", "{9AEF2452-A90F-4A94-A018-01533FCFF421}"
	ProjectSection(SolutionItems) = preProject
		Theorie\MeinErstesProgramm.txt = Theorie\MeinErstesProgramm.txt
		Theorie\Paradigmen.md = Theorie\Paradigmen.md
		Theorie\Programmierung.md = Theorie\Programmierung.md
		Theorie\Syntax.md = Theorie\Syntax.md
	EndProjectSection
EndProject
Project("{2150E333-8FDC-42A3-9474-1A3956D46DE8}") = "Themen", "Themen", "{D0BC4496-8732-4561-A907-89F19DE66F12}"
EndProject
Project("{FAE04EC0-301F-11D3-BF4B-00C04F79EFBC}") = "einfacheDatentypen", "einfacheDatentypen\einfacheDatentypen.csproj", "{6ABD9132-2343-4A9A-99AD-D600FD6DA9A4}"
EndProject
Project("{9A19103F-16F7-4668-BE54-9A1E7A4F7556}") = "GGT", "GGT\GGT.csproj", "{C4FD0A15-6355-4523-9CA2-E22130396719}"
EndProject
Project("{9A19103F-16F7-4668-BE54-9A1E7A4F7556}") = "Aufgabe1", "Aufgabe1\Aufgabe1.csproj", "{425E49F5-BBEF-40E5-A3F5-351E4288143A}"
EndProject
Project("{9A19103F-16F7-4668-BE54-9A1E7A4F7556}") = "Energieverbrauch", "Energieverbrauch\Energieverbrauch.csproj", "{C262E0B5-1B99-4286-A387-76DDB612A9DE}"
EndProject
Project("{9A19103F-16F7-4668-BE54-9A1E7A4F7556}") = "Zinsrechnung", "Zinsrechnung\Zinsrechnung.csproj", "{757525C8-6D0B-4DBD-B9A6-5B19BEF2E8CE}"
EndProject
Project("{9A19103F-16F7-4668-BE54-9A1E7A4F7556}") = "StringFormatierung", "StringFormatierung\StringFormatierung.csproj", "{AA04776F-C1DD-4911-B154-6257112B8793}"
EndProject
Project("{9A19103F-16F7-4668-BE54-9A1E7A4F7556}") = "Typkonversion", "Typkonversion\Typkonversion.csproj", "{A89FEF02-118A-4406-877E-AC6B0D56E7B4}"
EndProject
Project("{9A19103F-16F7-4668-BE54-9A1E7A4F7556}") = "windchill", "windchill\windchill.csproj", "{D3FBEDAA-975D-44D4-80DB-A333E5EA591F}"
EndProject
Project("{9A19103F-16F7-4668-BE54-9A1E7A4F7556}") = "GPS-Daten", "GPS-Daten\GPS-Daten.csproj", "{EC8582C2-1D2B-4D72-B746-828F42C90D27}"
EndProject
Project("{9A19103F-16F7-4668-BE54-9A1E7A4F7556}") = "Schraubenhersteller", "Schraubenhersteller\Schraubenhersteller.csproj", "{989B569B-E24E-4C01-9757-D5CB951C5745}"
EndProject
Project("{9A19103F-16F7-4668-BE54-9A1E7A4F7556}") = "Autovermietung", "Autovermietung\Autovermietung.csproj", "{F08F1AF4-63F5-40E2-B1B3-E32FECDC50C5}"
EndProject
Project("{9A19103F-16F7-4668-BE54-9A1E7A4F7556}") = "Geltungsbereiche", "Geltungsbereiche\Geltungsbereiche.csproj", "{CDB0A8CA-F116-4ADB-AC56-3F86626E63E3}"
EndProject
Project("{9A19103F-16F7-4668-BE54-9A1E7A4F7556}") = "Quartale", "Quartale\Quartale.csproj", "{72A3AD80-9922-46B0-B9DE-BF1F01BD885B}"
EndProject
Project("{9A19103F-16F7-4668-BE54-9A1E7A4F7556}") = "BMI", "BMI\BMI.csproj", "{AC880A78-F50B-4581-A70B-3BCC401BA253}"
EndProject
Project("{9A19103F-16F7-4668-BE54-9A1E7A4F7556}") = "DivDurchNull", "DivDurchNull\DivDurchNull.csproj", "{C58887A8-02F2-4C83-9D7E-BAA64F9CE117}"
EndProject
Project("{9A19103F-16F7-4668-BE54-9A1E7A4F7556}") = "Treuepraemie", "Treuepraemie\Treuepraemie.csproj", "{2811D213-A409-4820-A270-2FA1FF81FFDB}"
EndProject
Project("{9A19103F-16F7-4668-BE54-9A1E7A4F7556}") = "Wiederholungen-Loops", "Wiederholungen-Loops\Wiederholungen-Loops.csproj", "{E4730590-2475-4B53-87D2-5AA21ABB1C28}"
EndProject
Project("{9A19103F-16F7-4668-BE54-9A1E7A4F7556}") = "ForLoop1", "ForLoop1\ForLoop1.csproj", "{3F5A84B8-CC99-47B6-B036-B68A43210618}"
EndProject
Project("{9A19103F-16F7-4668-BE54-9A1E7A4F7556}") = "ForLoop3", "ForLoop3\ForLoop3.csproj", "{4A3434E4-EB90-4919-B9FC-F93BAE140F38}"
EndProject
Project("{9A19103F-16F7-4668-BE54-9A1E7A4F7556}") = "ForLoop4", "ForLoop4\ForLoop4.csproj", "{38B9D819-288B-476D-924B-DF78C70BFA8F}"
EndProject
Project("{FAE04EC0-301F-11D3-BF4B-00C04F79EFBC}") = "Durchschnitt", "Durchschnitt\Durchschnitt.csproj", "{314FD0A3-C392-4DE0-A392-60862B196409}"
EndProject
Project("{FAE04EC0-301F-11D3-BF4B-00C04F79EFBC}") = "MinMax", "MinMax\MinMax.csproj", "{84155B2C-1945-4D85-85F4-4D53F6EDF3E3}"
EndProject
Project("{FAE04EC0-301F-11D3-BF4B-00C04F79EFBC}") = "Passwort", "Passwort\Passwort.csproj", "{06CD57D3-5D9A-4CB8-B524-7284DFBB0ED3}"
EndProject
Project("{FAE04EC0-301F-11D3-BF4B-00C04F79EFBC}") = "Passwort2", "Passwort2\Passwort2.csproj", "{1CFFECB4-4412-4116-A33D-1960BC1EADF9}"
EndProject
Project("{FAE04EC0-301F-11D3-BF4B-00C04F79EFBC}") = "ZahlenRaten", "ZahlenRaten\ZahlenRaten.csproj", "{180C57AC-FE9A-4791-A7B9-273629C885F0}"
EndProject
Project("{FAE04EC0-301F-11D3-BF4B-00C04F79EFBC}") = "Schulnote", "Schulnote\Schulnote.csproj", "{954B2D06-753E-4A9D-82A7-733F064D90BF}"
EndProject
Project("{2150E333-8FDC-42A3-9474-1A3956D46DE8}") = "Solution Items", "Solution Items", "{D1ED6A2B-EFC2-4CB5-8E94-127C0C68CA7E}"
	ProjectSection(SolutionItems) = preProject
		Class1.cs = Class1.cs
	EndProjectSection
EndProject
Global
	GlobalSection(SolutionConfigurationPlatforms) = preSolution
		Debug|Any CPU = Debug|Any CPU
		Release|Any CPU = Release|Any CPU
	EndGlobalSection
	GlobalSection(ProjectConfigurationPlatforms) = postSolution
		{B68C48F5-BFF0-408C-A99C-FE4C42140574}.Debug|Any CPU.ActiveCfg = Debug|Any CPU
		{B68C48F5-BFF0-408C-A99C-FE4C42140574}.Debug|Any CPU.Build.0 = Debug|Any CPU
		{B68C48F5-BFF0-408C-A99C-FE4C42140574}.Release|Any CPU.ActiveCfg = Release|Any CPU
		{B68C48F5-BFF0-408C-A99C-FE4C42140574}.Release|Any CPU.Build.0 = Release|Any CPU
		{6ABD9132-2343-4A9A-99AD-D600FD6DA9A4}.Debug|Any CPU.ActiveCfg = Debug|Any CPU
		{6ABD9132-2343-4A9A-99AD-D600FD6DA9A4}.Debug|Any CPU.Build.0 = Debug|Any CPU
		{6ABD9132-2343-4A9A-99AD-D600FD6DA9A4}.Release|Any CPU.ActiveCfg = Release|Any CPU
		{6ABD9132-2343-4A9A-99AD-D600FD6DA9A4}.Release|Any CPU.Build.0 = Release|Any CPU
		{C4FD0A15-6355-4523-9CA2-E22130396719}.Debug|Any CPU.ActiveCfg = Debug|Any CPU
		{C4FD0A15-6355-4523-9CA2-E22130396719}.Debug|Any CPU.Build.0 = Debug|Any CPU
		{C4FD0A15-6355-4523-9CA2-E22130396719}.Release|Any CPU.ActiveCfg = Release|Any CPU
		{C4FD0A15-6355-4523-9CA2-E22130396719}.Release|Any CPU.Build.0 = Release|Any CPU
		{425E49F5-BBEF-40E5-A3F5-351E4288143A}.Debug|Any CPU.ActiveCfg = Debug|Any CPU
		{425E49F5-BBEF-40E5-A3F5-351E4288143A}.Debug|Any CPU.Build.0 = Debug|Any CPU
		{425E49F5-BBEF-40E5-A3F5-351E4288143A}.Release|Any CPU.ActiveCfg = Release|Any CPU
		{425E49F5-BBEF-40E5-A3F5-351E4288143A}.Release|Any CPU.Build.0 = Release|Any CPU
		{C262E0B5-1B99-4286-A387-76DDB612A9DE}.Debug|Any CPU.ActiveCfg = Debug|Any CPU
		{C262E0B5-1B99-4286-A387-76DDB612A9DE}.Debug|Any CPU.Build.0 = Debug|Any CPU
		{C262E0B5-1B99-4286-A387-76DDB612A9DE}.Release|Any CPU.ActiveCfg = Release|Any CPU
		{C262E0B5-1B99-4286-A387-76DDB612A9DE}.Release|Any CPU.Build.0 = Release|Any CPU
		{757525C8-6D0B-4DBD-B9A6-5B19BEF2E8CE}.Debug|Any CPU.ActiveCfg = Debug|Any CPU
		{757525C8-6D0B-4DBD-B9A6-5B19BEF2E8CE}.Debug|Any CPU.Build.0 = Debug|Any CPU
		{757525C8-6D0B-4DBD-B9A6-5B19BEF2E8CE}.Release|Any CPU.ActiveCfg = Release|Any CPU
		{757525C8-6D0B-4DBD-B9A6-5B19BEF2E8CE}.Release|Any CPU.Build.0 = Release|Any CPU
		{AA04776F-C1DD-4911-B154-6257112B8793}.Debug|Any CPU.ActiveCfg = Debug|Any CPU
		{AA04776F-C1DD-4911-B154-6257112B8793}.Debug|Any CPU.Build.0 = Debug|Any CPU
		{AA04776F-C1DD-4911-B154-6257112B8793}.Release|Any CPU.ActiveCfg = Release|Any CPU
		{AA04776F-C1DD-4911-B154-6257112B8793}.Release|Any CPU.Build.0 = Release|Any CPU
		{A89FEF02-118A-4406-877E-AC6B0D56E7B4}.Debug|Any CPU.ActiveCfg = Debug|Any CPU
		{A89FEF02-118A-4406-877E-AC6B0D56E7B4}.Debug|Any CPU.Build.0 = Debug|Any CPU
		{A89FEF02-118A-4406-877E-AC6B0D56E7B4}.Release|Any CPU.ActiveCfg = Release|Any CPU
		{A89FEF02-118A-4406-877E-AC6B0D56E7B4}.Release|Any CPU.Build.0 = Release|Any CPU
		{D3FBEDAA-975D-44D4-80DB-A333E5EA591F}.Debug|Any CPU.ActiveCfg = Debug|Any CPU
		{D3FBEDAA-975D-44D4-80DB-A333E5EA591F}.Debug|Any CPU.Build.0 = Debug|Any CPU
		{D3FBEDAA-975D-44D4-80DB-A333E5EA591F}.Release|Any CPU.ActiveCfg = Release|Any CPU
		{D3FBEDAA-975D-44D4-80DB-A333E5EA591F}.Release|Any CPU.Build.0 = Release|Any CPU
		{EC8582C2-1D2B-4D72-B746-828F42C90D27}.Debug|Any CPU.ActiveCfg = Debug|Any CPU
		{EC8582C2-1D2B-4D72-B746-828F42C90D27}.Debug|Any CPU.Build.0 = Debug|Any CPU
		{EC8582C2-1D2B-4D72-B746-828F42C90D27}.Release|Any CPU.ActiveCfg = Release|Any CPU
		{EC8582C2-1D2B-4D72-B746-828F42C90D27}.Release|Any CPU.Build.0 = Release|Any CPU
		{989B569B-E24E-4C01-9757-D5CB951C5745}.Debug|Any CPU.ActiveCfg = Debug|Any CPU
		{989B569B-E24E-4C01-9757-D5CB951C5745}.Debug|Any CPU.Build.0 = Debug|Any CPU
		{989B569B-E24E-4C01-9757-D5CB951C5745}.Release|Any CPU.ActiveCfg = Release|Any CPU
		{989B569B-E24E-4C01-9757-D5CB951C5745}.Release|Any CPU.Build.0 = Release|Any CPU
		{F08F1AF4-63F5-40E2-B1B3-E32FECDC50C5}.Debug|Any CPU.ActiveCfg = Debug|Any CPU
		{F08F1AF4-63F5-40E2-B1B3-E32FECDC50C5}.Debug|Any CPU.Build.0 = Debug|Any CPU
		{F08F1AF4-63F5-40E2-B1B3-E32FECDC50C5}.Release|Any CPU.ActiveCfg = Release|Any CPU
		{F08F1AF4-63F5-40E2-B1B3-E32FECDC50C5}.Release|Any CPU.Build.0 = Release|Any CPU
		{CDB0A8CA-F116-4ADB-AC56-3F86626E63E3}.Debug|Any CPU.ActiveCfg = Debug|Any CPU
		{CDB0A8CA-F116-4ADB-AC56-3F86626E63E3}.Debug|Any CPU.Build.0 = Debug|Any CPU
		{CDB0A8CA-F116-4ADB-AC56-3F86626E63E3}.Release|Any CPU.ActiveCfg = Release|Any CPU
		{CDB0A8CA-F116-4ADB-AC56-3F86626E63E3}.Release|Any CPU.Build.0 = Release|Any CPU
		{72A3AD80-9922-46B0-B9DE-BF1F01BD885B}.Debug|Any CPU.ActiveCfg = Debug|Any CPU
		{72A3AD80-9922-46B0-B9DE-BF1F01BD885B}.Debug|Any CPU.Build.0 = Debug|Any CPU
		{72A3AD80-9922-46B0-B9DE-BF1F01BD885B}.Release|Any CPU.ActiveCfg = Release|Any CPU
		{72A3AD80-9922-46B0-B9DE-BF1F01BD885B}.Release|Any CPU.Build.0 = Release|Any CPU
		{AC880A78-F50B-4581-A70B-3BCC401BA253}.Debug|Any CPU.ActiveCfg = Debug|Any CPU
		{AC880A78-F50B-4581-A70B-3BCC401BA253}.Debug|Any CPU.Build.0 = Debug|Any CPU
		{AC880A78-F50B-4581-A70B-3BCC401BA253}.Release|Any CPU.ActiveCfg = Release|Any CPU
		{AC880A78-F50B-4581-A70B-3BCC401BA253}.Release|Any CPU.Build.0 = Release|Any CPU
		{C58887A8-02F2-4C83-9D7E-BAA64F9CE117}.Debug|Any CPU.ActiveCfg = Debug|Any CPU
		{C58887A8-02F2-4C83-9D7E-BAA64F9CE117}.Debug|Any CPU.Build.0 = Debug|Any CPU
		{C58887A8-02F2-4C83-9D7E-BAA64F9CE117}.Release|Any CPU.ActiveCfg = Release|Any CPU
		{C58887A8-02F2-4C83-9D7E-BAA64F9CE117}.Release|Any CPU.Build.0 = Release|Any CPU
		{2811D213-A409-4820-A270-2FA1FF81FFDB}.Debug|Any CPU.ActiveCfg = Debug|Any CPU
		{2811D213-A409-4820-A270-2FA1FF81FFDB}.Debug|Any CPU.Build.0 = Debug|Any CPU
		{2811D213-A409-4820-A270-2FA1FF81FFDB}.Release|Any CPU.ActiveCfg = Release|Any CPU
		{2811D213-A409-4820-A270-2FA1FF81FFDB}.Release|Any CPU.Build.0 = Release|Any CPU
		{E4730590-2475-4B53-87D2-5AA21ABB1C28}.Debug|Any CPU.ActiveCfg = Debug|Any CPU
		{E4730590-2475-4B53-87D2-5AA21ABB1C28}.Debug|Any CPU.Build.0 = Debug|Any CPU
		{E4730590-2475-4B53-87D2-5AA21ABB1C28}.Release|Any CPU.ActiveCfg = Release|Any CPU
		{E4730590-2475-4B53-87D2-5AA21ABB1C28}.Release|Any CPU.Build.0 = Release|Any CPU
		{3F5A84B8-CC99-47B6-B036-B68A43210618}.Debug|Any CPU.ActiveCfg = Debug|Any CPU
		{3F5A84B8-CC99-47B6-B036-B68A43210618}.Debug|Any CPU.Build.0 = Debug|Any CPU
		{3F5A84B8-CC99-47B6-B036-B68A43210618}.Release|Any CPU.ActiveCfg = Release|Any CPU
		{3F5A84B8-CC99-47B6-B036-B68A43210618}.Release|Any CPU.Build.0 = Release|Any CPU
		{4A3434E4-EB90-4919-B9FC-F93BAE140F38}.Debug|Any CPU.ActiveCfg = Debug|Any CPU
		{4A3434E4-EB90-4919-B9FC-F93BAE140F38}.Debug|Any CPU.Build.0 = Debug|Any CPU
		{4A3434E4-EB90-4919-B9FC-F93BAE140F38}.Release|Any CPU.ActiveCfg = Release|Any CPU
		{4A3434E4-EB90-4919-B9FC-F93BAE140F38}.Release|Any CPU.Build.0 = Release|Any CPU
		{38B9D819-288B-476D-924B-DF78C70BFA8F}.Debug|Any CPU.ActiveCfg = Debug|Any CPU
		{38B9D819-288B-476D-924B-DF78C70BFA8F}.Debug|Any CPU.Build.0 = Debug|Any CPU
		{38B9D819-288B-476D-924B-DF78C70BFA8F}.Release|Any CPU.ActiveCfg = Release|Any CPU
		{38B9D819-288B-476D-924B-DF78C70BFA8F}.Release|Any CPU.Build.0 = Release|Any CPU
		{314FD0A3-C392-4DE0-A392-60862B196409}.Debug|Any CPU.ActiveCfg = Debug|Any CPU
		{314FD0A3-C392-4DE0-A392-60862B196409}.Debug|Any CPU.Build.0 = Debug|Any CPU
		{314FD0A3-C392-4DE0-A392-60862B196409}.Release|Any CPU.ActiveCfg = Release|Any CPU
		{314FD0A3-C392-4DE0-A392-60862B196409}.Release|Any CPU.Build.0 = Release|Any CPU
		{84155B2C-1945-4D85-85F4-4D53F6EDF3E3}.Debug|Any CPU.ActiveCfg = Debug|Any CPU
		{84155B2C-1945-4D85-85F4-4D53F6EDF3E3}.Debug|Any CPU.Build.0 = Debug|Any CPU
		{84155B2C-1945-4D85-85F4-4D53F6EDF3E3}.Release|Any CPU.ActiveCfg = Release|Any CPU
		{84155B2C-1945-4D85-85F4-4D53F6EDF3E3}.Release|Any CPU.Build.0 = Release|Any CPU
		{06CD57D3-5D9A-4CB8-B524-7284DFBB0ED3}.Debug|Any CPU.ActiveCfg = Debug|Any CPU
		{06CD57D3-5D9A-4CB8-B524-7284DFBB0ED3}.Debug|Any CPU.Build.0 = Debug|Any CPU
		{06CD57D3-5D9A-4CB8-B524-7284DFBB0ED3}.Release|Any CPU.ActiveCfg = Release|Any CPU
		{06CD57D3-5D9A-4CB8-B524-7284DFBB0ED3}.Release|Any CPU.Build.0 = Release|Any CPU
		{1CFFECB4-4412-4116-A33D-1960BC1EADF9}.Debug|Any CPU.ActiveCfg = Debug|Any CPU
		{1CFFECB4-4412-4116-A33D-1960BC1EADF9}.Debug|Any CPU.Build.0 = Debug|Any CPU
		{1CFFECB4-4412-4116-A33D-1960BC1EADF9}.Release|Any CPU.ActiveCfg = Release|Any CPU
		{1CFFECB4-4412-4116-A33D-1960BC1EADF9}.Release|Any CPU.Build.0 = Release|Any CPU
		{180C57AC-FE9A-4791-A7B9-273629C885F0}.Debug|Any CPU.ActiveCfg = Debug|Any CPU
		{180C57AC-FE9A-4791-A7B9-273629C885F0}.Debug|Any CPU.Build.0 = Debug|Any CPU
		{180C57AC-FE9A-4791-A7B9-273629C885F0}.Release|Any CPU.ActiveCfg = Release|Any CPU
		{180C57AC-FE9A-4791-A7B9-273629C885F0}.Release|Any CPU.Build.0 = Release|Any CPU
		{954B2D06-753E-4A9D-82A7-733F064D90BF}.Debug|Any CPU.ActiveCfg = Debug|Any CPU
		{954B2D06-753E-4A9D-82A7-733F064D90BF}.Debug|Any CPU.Build.0 = Debug|Any CPU
		{954B2D06-753E-4A9D-82A7-733F064D90BF}.Release|Any CPU.ActiveCfg = Release|Any CPU
		{954B2D06-753E-4A9D-82A7-733F064D90BF}.Release|Any CPU.Build.0 = Release|Any CPU
	EndGlobalSection
	GlobalSection(SolutionProperties) = preSolution
		HideSolutionNode = FALSE
	EndGlobalSection
	GlobalSection(NestedProjects) = preSolution
		{B68C48F5-BFF0-408C-A99C-FE4C42140574} = {D0BC4496-8732-4561-A907-89F19DE66F12}
		{6ABD9132-2343-4A9A-99AD-D600FD6DA9A4} = {D0BC4496-8732-4561-A907-89F19DE66F12}
		{C4FD0A15-6355-4523-9CA2-E22130396719} = {D0BC4496-8732-4561-A907-89F19DE66F12}
		{425E49F5-BBEF-40E5-A3F5-351E4288143A} = {D0BC4496-8732-4561-A907-89F19DE66F12}
		{C262E0B5-1B99-4286-A387-76DDB612A9DE} = {D0BC4496-8732-4561-A907-89F19DE66F12}
		{757525C8-6D0B-4DBD-B9A6-5B19BEF2E8CE} = {D0BC4496-8732-4561-A907-89F19DE66F12}
		{AA04776F-C1DD-4911-B154-6257112B8793} = {D0BC4496-8732-4561-A907-89F19DE66F12}
		{A89FEF02-118A-4406-877E-AC6B0D56E7B4} = {D0BC4496-8732-4561-A907-89F19DE66F12}
		{D3FBEDAA-975D-44D4-80DB-A333E5EA591F} = {D0BC4496-8732-4561-A907-89F19DE66F12}
		{EC8582C2-1D2B-4D72-B746-828F42C90D27} = {D0BC4496-8732-4561-A907-89F19DE66F12}
		{989B569B-E24E-4C01-9757-D5CB951C5745} = {D0BC4496-8732-4561-A907-89F19DE66F12}
		{F08F1AF4-63F5-40E2-B1B3-E32FECDC50C5} = {D0BC4496-8732-4561-A907-89F19DE66F12}
		{CDB0A8CA-F116-4ADB-AC56-3F86626E63E3} = {D0BC4496-8732-4561-A907-89F19DE66F12}
		{72A3AD80-9922-46B0-B9DE-BF1F01BD885B} = {D0BC4496-8732-4561-A907-89F19DE66F12}
		{AC880A78-F50B-4581-A70B-3BCC401BA253} = {D0BC4496-8732-4561-A907-89F19DE66F12}
		{C58887A8-02F2-4C83-9D7E-BAA64F9CE117} = {D0BC4496-8732-4561-A907-89F19DE66F12}
		{2811D213-A409-4820-A270-2FA1FF81FFDB} = {D0BC4496-8732-4561-A907-89F19DE66F12}
		{E4730590-2475-4B53-87D2-5AA21ABB1C28} = {D0BC4496-8732-4561-A907-89F19DE66F12}
		{3F5A84B8-CC99-47B6-B036-B68A43210618} = {D0BC4496-8732-4561-A907-89F19DE66F12}
		{4A3434E4-EB90-4919-B9FC-F93BAE140F38} = {D0BC4496-8732-4561-A907-89F19DE66F12}
		{38B9D819-288B-476D-924B-DF78C70BFA8F} = {D0BC4496-8732-4561-A907-89F19DE66F12}
		{314FD0A3-C392-4DE0-A392-60862B196409} = {D0BC4496-8732-4561-A907-89F19DE66F12}
		{84155B2C-1945-4D85-85F4-4D53F6EDF3E3} = {D0BC4496-8732-4561-A907-89F19DE66F12}
		{06CD57D3-5D9A-4CB8-B524-7284DFBB0ED3} = {D0BC4496-8732-4561-A907-89F19DE66F12}
		{1CFFECB4-4412-4116-A33D-1960BC1EADF9} = {D0BC4496-8732-4561-A907-89F19DE66F12}
		{180C57AC-FE9A-4791-A7B9-273629C885F0} = {D0BC4496-8732-4561-A907-89F19DE66F12}
		{954B2D06-753E-4A9D-82A7-733F064D90BF} = {D0BC4496-8732-4561-A907-89F19DE66F12}
	EndGlobalSection
	GlobalSection(ExtensibilityGlobals) = postSolution
		SolutionGuid = {5BBFEE03-B236-48E1-958A-496CE40538EC}
	EndGlobalSection
EndGlobal
