
Microsoft Visual Studio Solution File, Format Version 12.00
# Visual Studio Version 16
VisualStudioVersion = 16.0.30907.101
MinimumVisualStudioVersion = 10.0.40219.1
Project("{FAE04EC0-301F-11D3-BF4B-00C04F79EFBC}") = "MeinErstesProgramm", "MeinErstesProgramm\MeinErstesProgramm.csproj", "{B68C48F5-BFF0-408C-A99C-FE4C42140574}"
EndProject
Project("{2150E333-8FDC-42A3-9474-1A3956D46DE8}") = "Theorie", "Theorie", "{9AEF2452-A90F-4A94-A018-01533FCFF421}"
	ProjectSection(SolutionItems) = preProject
		Theorie\MeinErstesProgramm.txt = Theorie\MeinErstesProgramm.txt
		Theorie\Paradigmen.md = Theorie\Paradigmen.md
		Theorie\Programmierung.md = Theorie\Programmierung.md
		Theorie\Syntax.md = Theorie\Syntax.md
	EndProjectSection
EndProject
Project("{2150E333-8FDC-42A3-9474-1A3956D46DE8}") = "Themen", "Themen", "{D0BC4496-8732-4561-A907-89F19DE66F12}"
EndProject
Project("{FAE04EC0-301F-11D3-BF4B-00C04F79EFBC}") = "einfacheDatentypen", "einfacheDatentypen\einfacheDatentypen.csproj", "{6ABD9132-2343-4A9A-99AD-D600FD6DA9A4}"
EndProject
Project("{9A19103F-16F7-4668-BE54-9A1E7A4F7556}") = "GGT", "GGT\GGT.csproj", "{C4FD0A15-6355-4523-9CA2-E22130396719}"
EndProject
Project("{9A19103F-16F7-4668-BE54-9A1E7A4F7556}") = "Aufgabe1", "Aufgabe1\Aufgabe1.csproj", "{425E49F5-BBEF-40E5-A3F5-351E4288143A}"
EndProject
Project("{FAE04EC0-301F-11D3-BF4B-00C04F79EFBC}") = "Energieverbrauch", "Energieverbrauch\Energieverbrauch.csproj", "{C262E0B5-1B99-4286-A387-76DDB612A9DE}"
EndProject
Project("{FAE04EC0-301F-11D3-BF4B-00C04F79EFBC}") = "Zinsrechnung", "Zinsrechnung\Zinsrechnung.csproj", "{757525C8-6D0B-4DBD-B9A6-5B19BEF2E8CE}"
EndProject
Project("{FAE04EC0-301F-11D3-BF4B-00C04F79EFBC}") = "StringFormatierung", "StringFormatierung\StringFormatierung.csproj", "{AA04776F-C1DD-4911-B154-6257112B8793}"
EndProject
Project("{FAE04EC0-301F-11D3-BF4B-00C04F79EFBC}") = "Typkonversion", "Typkonversion\Typkonversion.csproj", "{A89FEF02-118A-4406-877E-AC6B0D56E7B4}"
EndProject
Project("{FAE04EC0-301F-11D3-BF4B-00C04F79EFBC}") = "windchill", "windchill\windchill.csproj", "{D3FBEDAA-975D-44D4-80DB-A333E5EA591F}"
EndProject
Global
	GlobalSection(SolutionConfigurationPlatforms) = preSolution
		Debug|Any CPU = Debug|Any CPU
		Release|Any CPU = Release|Any CPU
	EndGlobalSection
	GlobalSection(ProjectConfigurationPlatforms) = postSolution
		{B68C48F5-BFF0-408C-A99C-FE4C42140574}.Debug|Any CPU.ActiveCfg = Debug|Any CPU
		{B68C48F5-BFF0-408C-A99C-FE4C42140574}.Debug|Any CPU.Build.0 = Debug|Any CPU
		{B68C48F5-BFF0-408C-A99C-FE4C42140574}.Release|Any CPU.ActiveCfg = Release|Any CPU
		{B68C48F5-BFF0-408C-A99C-FE4C42140574}.Release|Any CPU.Build.0 = Release|Any CPU
		{6ABD9132-2343-4A9A-99AD-D600FD6DA9A4}.Debug|Any CPU.ActiveCfg = Debug|Any CPU
		{6ABD9132-2343-4A9A-99AD-D600FD6DA9A4}.Debug|Any CPU.Build.0 = Debug|Any CPU
		{6ABD9132-2343-4A9A-99AD-D600FD6DA9A4}.Release|Any CPU.ActiveCfg = Release|Any CPU
		{6ABD9132-2343-4A9A-99AD-D600FD6DA9A4}.Release|Any CPU.Build.0 = Release|Any CPU
		{C4FD0A15-6355-4523-9CA2-E22130396719}.Debug|Any CPU.ActiveCfg = Debug|Any CPU
		{C4FD0A15-6355-4523-9CA2-E22130396719}.Debug|Any CPU.Build.0 = Debug|Any CPU
		{C4FD0A15-6355-4523-9CA2-E22130396719}.Release|Any CPU.ActiveCfg = Release|Any CPU
		{C4FD0A15-6355-4523-9CA2-E22130396719}.Release|Any CPU.Build.0 = Release|Any CPU
		{425E49F5-BBEF-40E5-A3F5-351E4288143A}.Debug|Any CPU.ActiveCfg = Debug|Any CPU
		{425E49F5-BBEF-40E5-A3F5-351E4288143A}.Debug|Any CPU.Build.0 = Debug|Any CPU
		{425E49F5-BBEF-40E5-A3F5-351E4288143A}.Release|Any CPU.ActiveCfg = Release|Any CPU
		{425E49F5-BBEF-40E5-A3F5-351E4288143A}.Release|Any CPU.Build.0 = Release|Any CPU
		{C262E0B5-1B99-4286-A387-76DDB612A9DE}.Debug|Any CPU.ActiveCfg = Debug|Any CPU
		{C262E0B5-1B99-4286-A387-76DDB612A9DE}.Debug|Any CPU.Build.0 = Debug|Any CPU
		{C262E0B5-1B99-4286-A387-76DDB612A9DE}.Release|Any CPU.ActiveCfg = Release|Any CPU
		{C262E0B5-1B99-4286-A387-76DDB612A9DE}.Release|Any CPU.Build.0 = Release|Any CPU
		{757525C8-6D0B-4DBD-B9A6-5B19BEF2E8CE}.Debug|Any CPU.ActiveCfg = Debug|Any CPU
		{757525C8-6D0B-4DBD-B9A6-5B19BEF2E8CE}.Debug|Any CPU.Build.0 = Debug|Any CPU
		{757525C8-6D0B-4DBD-B9A6-5B19BEF2E8CE}.Release|Any CPU.ActiveCfg = Release|Any CPU
		{757525C8-6D0B-4DBD-B9A6-5B19BEF2E8CE}.Release|Any CPU.Build.0 = Release|Any CPU
		{AA04776F-C1DD-4911-B154-6257112B8793}.Debug|Any CPU.ActiveCfg = Debug|Any CPU
		{AA04776F-C1DD-4911-B154-6257112B8793}.Debug|Any CPU.Build.0 = Debug|Any CPU
		{AA04776F-C1DD-4911-B154-6257112B8793}.Release|Any CPU.ActiveCfg = Release|Any CPU
		{AA04776F-C1DD-4911-B154-6257112B8793}.Release|Any CPU.Build.0 = Release|Any CPU
		{A89FEF02-118A-4406-877E-AC6B0D56E7B4}.Debug|Any CPU.ActiveCfg = Debug|Any CPU
		{A89FEF02-118A-4406-877E-AC6B0D56E7B4}.Debug|Any CPU.Build.0 = Debug|Any CPU
		{A89FEF02-118A-4406-877E-AC6B0D56E7B4}.Release|Any CPU.ActiveCfg = Release|Any CPU
		{A89FEF02-118A-4406-877E-AC6B0D56E7B4}.Release|Any CPU.Build.0 = Release|Any CPU
		{D3FBEDAA-975D-44D4-80DB-A333E5EA591F}.Debug|Any CPU.ActiveCfg = Debug|Any CPU
		{D3FBEDAA-975D-44D4-80DB-A333E5EA591F}.Debug|Any CPU.Build.0 = Debug|Any CPU
		{D3FBEDAA-975D-44D4-80DB-A333E5EA591F}.Release|Any CPU.ActiveCfg = Release|Any CPU
		{D3FBEDAA-975D-44D4-80DB-A333E5EA591F}.Release|Any CPU.Build.0 = Release|Any CPU
	EndGlobalSection
	GlobalSection(SolutionProperties) = preSolution
		HideSolutionNode = FALSE
	EndGlobalSection
	GlobalSection(NestedProjects) = preSolution
		{B68C48F5-BFF0-408C-A99C-FE4C42140574} = {D0BC4496-8732-4561-A907-89F19DE66F12}
		{6ABD9132-2343-4A9A-99AD-D600FD6DA9A4} = {D0BC4496-8732-4561-A907-89F19DE66F12}
		{C4FD0A15-6355-4523-9CA2-E22130396719} = {D0BC4496-8732-4561-A907-89F19DE66F12}
		{425E49F5-BBEF-40E5-A3F5-351E4288143A} = {D0BC4496-8732-4561-A907-89F19DE66F12}
		{C262E0B5-1B99-4286-A387-76DDB612A9DE} = {D0BC4496-8732-4561-A907-89F19DE66F12}
		{757525C8-6D0B-4DBD-B9A6-5B19BEF2E8CE} = {D0BC4496-8732-4561-A907-89F19DE66F12}
		{AA04776F-C1DD-4911-B154-6257112B8793} = {D0BC4496-8732-4561-A907-89F19DE66F12}
		{A89FEF02-118A-4406-877E-AC6B0D56E7B4} = {D0BC4496-8732-4561-A907-89F19DE66F12}
		{D3FBEDAA-975D-44D4-80DB-A333E5EA591F} = {D0BC4496-8732-4561-A907-89F19DE66F12}
	EndGlobalSection
	GlobalSection(ExtensibilityGlobals) = postSolution
		SolutionGuid = {5BBFEE03-B236-48E1-958A-496CE40538EC}
	EndGlobalSection
EndGlobal
